
Microsoft Visual Studio Solution File, Format Version 12.00
Project("{FAE04EC0-301F-11D3-BF4B-00C04F79EFBC}") = "ShopASPNet", "ShopASPNet\ShopASPNet.csproj", "{0C76230B-98E1-40E6-BDE8-5866F9A3132D}"
EndProject
Global
	GlobalSection(SolutionConfigurationPlatforms) = preSolution
		Debug|Any CPU = Debug|Any CPU
		Release|Any CPU = Release|Any CPU
	EndGlobalSection
	GlobalSection(ProjectConfigurationPlatforms) = postSolution
		{0C76230B-98E1-40E6-BDE8-5866F9A3132D}.Debug|Any CPU.ActiveCfg = Debug|Any CPU
		{0C76230B-98E1-40E6-BDE8-5866F9A3132D}.Debug|Any CPU.Build.0 = Debug|Any CPU
		{0C76230B-98E1-40E6-BDE8-5866F9A3132D}.Release|Any CPU.ActiveCfg = Release|Any CPU
		{0C76230B-98E1-40E6-BDE8-5866F9A3132D}.Release|Any CPU.Build.0 = Release|Any CPU
	EndGlobalSection
EndGlobal
